{
    "_readme": [
        "This file locks the dependencies of your project to a known state",
        "Read more about it at https://getcomposer.org/doc/01-basic-usage.md#installing-dependencies",
        "This file is @generated automatically"
    ],
    "content-hash": "c93813de87079dcd232331d445834b98",
    "packages": [
        {
            "name": "indieweb/link-rel-parser",
            "version": "0.1.3",
            "source": {
                "type": "git",
                "url": "https://github.com/indieweb/link-rel-parser-php.git",
                "reference": "295420e4f16d9a9d262a3c25a7a583794428f055"
            },
            "dist": {
                "type": "zip",
                "url": "https://api.github.com/repos/indieweb/link-rel-parser-php/zipball/295420e4f16d9a9d262a3c25a7a583794428f055",
                "reference": "295420e4f16d9a9d262a3c25a7a583794428f055",
                "shasum": ""
            },
            "require": {
                "php": ">=5.3.0"
            },
            "type": "library",
            "autoload": {
                "files": [
                    "src/IndieWeb/link_rel_parser.php"
                ]
            },
            "notification-url": "https://packagist.org/downloads/",
            "license": [
                "Apache-2.0"
            ],
            "authors": [
                {
                    "name": "Aaron Parecki",
                    "homepage": "http://aaronparecki.com"
                },
                {
                    "name": "Tantek Çelik",
                    "homepage": "http://tantek.com"
                }
            ],
            "description": "Parse rel values from HTTP headers",
            "homepage": "https://github.com/indieweb/link-rel-parser-php",
            "keywords": [
                "http",
                "indieweb",
                "microformats2"
            ],
            "support": {
                "issues": "https://github.com/indieweb/link-rel-parser-php/issues",
                "source": "https://github.com/indieweb/link-rel-parser-php/tree/master"
            },
            "time": "2017-01-11T17:14:49+00:00"
        },
        {
            "name": "mf2/mf2",
            "version": "0.4.6",
            "source": {
                "type": "git",
                "url": "https://github.com/microformats/php-mf2.git",
                "reference": "00b70ee7eb7f5b0585b1bd467f6c9cbd75055d23"
            },
            "dist": {
                "type": "zip",
                "url": "https://api.github.com/repos/microformats/php-mf2/zipball/00b70ee7eb7f5b0585b1bd467f6c9cbd75055d23",
                "reference": "00b70ee7eb7f5b0585b1bd467f6c9cbd75055d23",
                "shasum": ""
            },
            "require": {
                "php": ">=5.4.0"
            },
            "require-dev": {
                "mf2/tests": "@dev",
                "phpdocumentor/phpdocumentor": "v2.8.4",
                "phpunit/phpunit": "4.8.*"
            },
            "suggest": {
                "barnabywalters/mf-cleaner": "To more easily handle the canonical data php-mf2 gives you",
                "masterminds/html5": "Alternative HTML parser for PHP, for better HTML5 support."
            },
            "bin": [
                "bin/fetch-mf2",
                "bin/parse-mf2"
            ],
            "type": "library",
            "autoload": {
                "files": [
                    "Mf2/Parser.php"
                ]
            },
            "notification-url": "https://packagist.org/downloads/",
            "license": [
                "CC0-1.0"
            ],
            "authors": [
                {
                    "name": "Barnaby Walters",
                    "homepage": "http://waterpigs.co.uk"
                }
            ],
            "description": "A pure, generic microformats2 parser — makes HTML as easy to consume as a JSON API",
            "keywords": [
                "html",
                "microformats",
                "microformats 2",
                "parser",
                "semantic"
            ],
            "support": {
                "issues": "https://github.com/microformats/php-mf2/issues",
                "source": "https://github.com/microformats/php-mf2/tree/master"
            },
            "time": "2018-08-24T14:47:04+00:00"
        },
        {
            "name": "p3k/http",
            "version": "0.1.11",
            "source": {
                "type": "git",
                "url": "https://github.com/aaronpk/p3k-http.git",
                "reference": "24d28287e0c5606aa45b23c6e3c17628d89468f7"
            },
            "dist": {
                "type": "zip",
                "url": "https://api.github.com/repos/aaronpk/p3k-http/zipball/24d28287e0c5606aa45b23c6e3c17628d89468f7",
                "reference": "24d28287e0c5606aa45b23c6e3c17628d89468f7",
                "shasum": ""
            },
            "require": {
                "indieweb/link-rel-parser": "0.1.*",
                "mf2/mf2": ">=0.3.2"
            },
            "type": "library",
            "autoload": {
                "psr-4": {
                    "p3k\\": "src/p3k"
                }
            },
            "notification-url": "https://packagist.org/downloads/",
            "license": [
                "MIT"
            ],
            "authors": [
                {
                    "name": "Aaron Parecki",
                    "homepage": "https://aaronparecki.com"
                }
            ],
            "description": "A simple wrapper API around the PHP curl functions",
            "homepage": "https://github.com/aaronpk/p3k-http",
            "support": {
                "issues": "https://github.com/aaronpk/p3k-http/issues",
                "source": "https://github.com/aaronpk/p3k-http/tree/master"
            },
            "time": "2020-02-19T03:00:09+00:00"
        },
        {
            "name": "p3k/multipart",
            "version": "0.2.0",
            "source": {
                "type": "git",
                "url": "https://github.com/aaronpk/php-multipart-encoder.git",
                "reference": "c190b4692b872a359868faba11251ead842ac20f"
            },
            "dist": {
                "type": "zip",
                "url": "https://api.github.com/repos/aaronpk/php-multipart-encoder/zipball/c190b4692b872a359868faba11251ead842ac20f",
                "reference": "c190b4692b872a359868faba11251ead842ac20f",
                "shasum": ""
            },
            "require": {
                "php": ">5.4.0"
            },
            "type": "library",
            "autoload": {
                "files": [
                    "src/p3k/Multipart.php"
                ]
            },
            "notification-url": "https://packagist.org/downloads/",
            "license": [
                "Apache 2.0"
            ],
            "authors": [
                {
                    "name": "Aaron Parecki",
                    "homepage": "http://aaronparecki.com"
                }
            ],
            "description": "Multipart Encoding Library",
            "support": {
                "issues": "https://github.com/aaronpk/php-multipart-encoder/issues",
                "source": "https://github.com/aaronpk/php-multipart-encoder/tree/master"
            },
            "time": "2016-12-28T14:50:41+00:00"
        }
    ],
    "packages-dev": [],
    "aliases": [],
    "minimum-stability": "stable",
    "stability-flags": [],
    "prefer-stable": false,
    "prefer-lowest": false,
    "platform": [],
    "platform-dev": [],
    "plugin-api-version": "2.0.0"
}
